
Microsoft Visual Studio Solution File, Format Version 12.00
# Visual Studio Version 16
VisualStudioVersion = 16.0.31205.134
MinimumVisualStudioVersion = 10.0.40219.1
Project("{8BC9CEB8-8B4A-11D0-8D11-00A0C91BC942}") = "Quiz9", "Quiz9\Quiz9.vcxproj", "{F35191E6-E948-41D7-9BAE-5DBEA81614CF}"
EndProject
Global
	GlobalSection(SolutionConfigurationPlatforms) = preSolution
		Debug|x64 = Debug|x64
		Debug|x86 = Debug|x86
		Release|x64 = Release|x64
		Release|x86 = Release|x86
	EndGlobalSection
	GlobalSection(ProjectConfigurationPlatforms) = postSolution
		{F35191E6-E948-41D7-9BAE-5DBEA81614CF}.Debug|x64.ActiveCfg = Debug|x64
		{F35191E6-E948-41D7-9BAE-5DBEA81614CF}.Debug|x64.Build.0 = Debug|x64
		{F35191E6-E948-41D7-9BAE-5DBEA81614CF}.Debug|x86.ActiveCfg = Debug|Win32
		{F35191E6-E948-41D7-9BAE-5DBEA81614CF}.Debug|x86.Build.0 = Debug|Win32
		{F35191E6-E948-41D7-9BAE-5DBEA81614CF}.Release|x64.ActiveCfg = Release|x64
		{F35191E6-E948-41D7-9BAE-5DBEA81614CF}.Release|x64.Build.0 = Release|x64
		{F35191E6-E948-41D7-9BAE-5DBEA81614CF}.Release|x86.ActiveCfg = Release|Win32
		{F35191E6-E948-41D7-9BAE-5DBEA81614CF}.Release|x86.Build.0 = Release|Win32
	EndGlobalSection
	GlobalSection(SolutionProperties) = preSolution
		HideSolutionNode = FALSE
	EndGlobalSection
	GlobalSection(ExtensibilityGlobals) = postSolution
		SolutionGuid = {2623FC13-9B99-4AAB-96EF-DB4C4A59DE41}
	EndGlobalSection
EndGlobal
